
Microsoft Visual Studio Solution File, Format Version 12.00
# Visual Studio Version 17
VisualStudioVersion = 17.5.33516.290
MinimumVisualStudioVersion = 10.0.40219.1
Project("{FAE04EC0-301F-11D3-BF4B-00C04F79EFBC}") = "Ejercicio_02", "Ejercicio_02\Ejercicio_02.csproj", "{2D9C221D-BFD5-4E61-BDE5-C79C75891D75}"
EndProject
Global
	GlobalSection(SolutionConfigurationPlatforms) = preSolution
		Debug|Any CPU = Debug|Any CPU
		Release|Any CPU = Release|Any CPU
	EndGlobalSection
	GlobalSection(ProjectConfigurationPlatforms) = postSolution
		{2D9C221D-BFD5-4E61-BDE5-C79C75891D75}.Debug|Any CPU.ActiveCfg = Debug|Any CPU
		{2D9C221D-BFD5-4E61-BDE5-C79C75891D75}.Debug|Any CPU.Build.0 = Debug|Any CPU
		{2D9C221D-BFD5-4E61-BDE5-C79C75891D75}.Release|Any CPU.ActiveCfg = Release|Any CPU
		{2D9C221D-BFD5-4E61-BDE5-C79C75891D75}.Release|Any CPU.Build.0 = Release|Any CPU
	EndGlobalSection
	GlobalSection(SolutionProperties) = preSolution
		HideSolutionNode = FALSE
	EndGlobalSection
	GlobalSection(ExtensibilityGlobals) = postSolution
		SolutionGuid = {AE43DEF4-380B-4C78-97A4-C2253F2A54B8}
	EndGlobalSection
EndGlobal
